
Microsoft Visual Studio Solution File, Format Version 12.00
# Visual Studio Version 16
VisualStudioVersion = 16.0.31911.196
MinimumVisualStudioVersion = 10.0.40219.1
Project("{FAE04EC0-301F-11D3-BF4B-00C04F79EFBC}") = "scpmtf_app.Android", "scpmtf_app.Android\scpmtf_app.Android.csproj", "{CE432302-F735-494C-BEB9-020B33D539B7}"
EndProject
Project("{FAE04EC0-301F-11D3-BF4B-00C04F79EFBC}") = "scpmtf_app.iOS", "scpmtf_app.iOS\scpmtf_app.iOS.csproj", "{4A794DB5-239A-458C-9128-098537F56FC3}"
EndProject
Project("{FAE04EC0-301F-11D3-BF4B-00C04F79EFBC}") = "scpmtf_app", "scpmtf_app\scpmtf_app.csproj", "{2F225BC1-2625-473C-B4EE-2B685F85B65D}"
EndProject
Global
	GlobalSection(SolutionConfigurationPlatforms) = preSolution
		Debug|Any CPU = Debug|Any CPU
		Debug|iPhone = Debug|iPhone
		Debug|iPhoneSimulator = Debug|iPhoneSimulator
		Release|Any CPU = Release|Any CPU
		Release|iPhone = Release|iPhone
		Release|iPhoneSimulator = Release|iPhoneSimulator
	EndGlobalSection
	GlobalSection(ProjectConfigurationPlatforms) = postSolution
		{CE432302-F735-494C-BEB9-020B33D539B7}.Debug|Any CPU.ActiveCfg = Debug|Any CPU
		{CE432302-F735-494C-BEB9-020B33D539B7}.Debug|Any CPU.Build.0 = Debug|Any CPU
		{CE432302-F735-494C-BEB9-020B33D539B7}.Debug|Any CPU.Deploy.0 = Debug|Any CPU
		{CE432302-F735-494C-BEB9-020B33D539B7}.Debug|iPhone.ActiveCfg = Debug|Any CPU
		{CE432302-F735-494C-BEB9-020B33D539B7}.Debug|iPhone.Build.0 = Debug|Any CPU
		{CE432302-F735-494C-BEB9-020B33D539B7}.Debug|iPhone.Deploy.0 = Debug|Any CPU
		{CE432302-F735-494C-BEB9-020B33D539B7}.Debug|iPhoneSimulator.ActiveCfg = Debug|Any CPU
		{CE432302-F735-494C-BEB9-020B33D539B7}.Debug|iPhoneSimulator.Build.0 = Debug|Any CPU
		{CE432302-F735-494C-BEB9-020B33D539B7}.Debug|iPhoneSimulator.Deploy.0 = Debug|Any CPU
		{CE432302-F735-494C-BEB9-020B33D539B7}.Release|Any CPU.ActiveCfg = Release|Any CPU
		{CE432302-F735-494C-BEB9-020B33D539B7}.Release|Any CPU.Build.0 = Release|Any CPU
		{CE432302-F735-494C-BEB9-020B33D539B7}.Release|Any CPU.Deploy.0 = Release|Any CPU
		{CE432302-F735-494C-BEB9-020B33D539B7}.Release|iPhone.ActiveCfg = Release|Any CPU
		{CE432302-F735-494C-BEB9-020B33D539B7}.Release|iPhone.Build.0 = Release|Any CPU
		{CE432302-F735-494C-BEB9-020B33D539B7}.Release|iPhone.Deploy.0 = Release|Any CPU
		{CE432302-F735-494C-BEB9-020B33D539B7}.Release|iPhoneSimulator.ActiveCfg = Release|Any CPU
		{CE432302-F735-494C-BEB9-020B33D539B7}.Release|iPhoneSimulator.Build.0 = Release|Any CPU
		{CE432302-F735-494C-BEB9-020B33D539B7}.Release|iPhoneSimulator.Deploy.0 = Release|Any CPU
		{4A794DB5-239A-458C-9128-098537F56FC3}.Debug|Any CPU.ActiveCfg = Debug|iPhone
		{4A794DB5-239A-458C-9128-098537F56FC3}.Debug|Any CPU.Build.0 = Debug|iPhone
		{4A794DB5-239A-458C-9128-098537F56FC3}.Debug|Any CPU.Deploy.0 = Debug|iPhone
		{4A794DB5-239A-458C-9128-098537F56FC3}.Debug|iPhone.ActiveCfg = Debug|iPhone
		{4A794DB5-239A-458C-9128-098537F56FC3}.Debug|iPhone.Build.0 = Debug|iPhone
		{4A794DB5-239A-458C-9128-098537F56FC3}.Debug|iPhone.Deploy.0 = Debug|iPhone
		{4A794DB5-239A-458C-9128-098537F56FC3}.Debug|iPhoneSimulator.ActiveCfg = Debug|iPhoneSimulator
		{4A794DB5-239A-458C-9128-098537F56FC3}.Debug|iPhoneSimulator.Build.0 = Debug|iPhoneSimulator
		{4A794DB5-239A-458C-9128-098537F56FC3}.Debug|iPhoneSimulator.Deploy.0 = Debug|iPhoneSimulator
		{4A794DB5-239A-458C-9128-098537F56FC3}.Release|Any CPU.ActiveCfg = Release|iPhoneSimulator
		{4A794DB5-239A-458C-9128-098537F56FC3}.Release|Any CPU.Build.0 = Release|iPhoneSimulator
		{4A794DB5-239A-458C-9128-098537F56FC3}.Release|Any CPU.Deploy.0 = Release|iPhoneSimulator
		{4A794DB5-239A-458C-9128-098537F56FC3}.Release|iPhone.ActiveCfg = Release|iPhone
		{4A794DB5-239A-458C-9128-098537F56FC3}.Release|iPhone.Build.0 = Release|iPhone
		{4A794DB5-239A-458C-9128-098537F56FC3}.Release|iPhone.Deploy.0 = Release|iPhone
		{4A794DB5-239A-458C-9128-098537F56FC3}.Release|iPhoneSimulator.ActiveCfg = Release|iPhoneSimulator
		{4A794DB5-239A-458C-9128-098537F56FC3}.Release|iPhoneSimulator.Build.0 = Release|iPhoneSimulator
		{4A794DB5-239A-458C-9128-098537F56FC3}.Release|iPhoneSimulator.Deploy.0 = Release|iPhoneSimulator
		{2F225BC1-2625-473C-B4EE-2B685F85B65D}.Debug|Any CPU.ActiveCfg = Debug|Any CPU
		{2F225BC1-2625-473C-B4EE-2B685F85B65D}.Debug|Any CPU.Build.0 = Debug|Any CPU
		{2F225BC1-2625-473C-B4EE-2B685F85B65D}.Debug|Any CPU.Deploy.0 = Debug|Any CPU
		{2F225BC1-2625-473C-B4EE-2B685F85B65D}.Debug|iPhone.ActiveCfg = Debug|Any CPU
		{2F225BC1-2625-473C-B4EE-2B685F85B65D}.Debug|iPhone.Build.0 = Debug|Any CPU
		{2F225BC1-2625-473C-B4EE-2B685F85B65D}.Debug|iPhone.Deploy.0 = Debug|Any CPU
		{2F225BC1-2625-473C-B4EE-2B685F85B65D}.Debug|iPhoneSimulator.ActiveCfg = Debug|Any CPU
		{2F225BC1-2625-473C-B4EE-2B685F85B65D}.Debug|iPhoneSimulator.Build.0 = Debug|Any CPU
		{2F225BC1-2625-473C-B4EE-2B685F85B65D}.Debug|iPhoneSimulator.Deploy.0 = Debug|Any CPU
		{2F225BC1-2625-473C-B4EE-2B685F85B65D}.Release|Any CPU.ActiveCfg = Release|Any CPU
		{2F225BC1-2625-473C-B4EE-2B685F85B65D}.Release|Any CPU.Build.0 = Release|Any CPU
		{2F225BC1-2625-473C-B4EE-2B685F85B65D}.Release|Any CPU.Deploy.0 = Release|Any CPU
		{2F225BC1-2625-473C-B4EE-2B685F85B65D}.Release|iPhone.ActiveCfg = Release|Any CPU
		{2F225BC1-2625-473C-B4EE-2B685F85B65D}.Release|iPhone.Build.0 = Release|Any CPU
		{2F225BC1-2625-473C-B4EE-2B685F85B65D}.Release|iPhone.Deploy.0 = Release|Any CPU
		{2F225BC1-2625-473C-B4EE-2B685F85B65D}.Release|iPhoneSimulator.ActiveCfg = Release|Any CPU
		{2F225BC1-2625-473C-B4EE-2B685F85B65D}.Release|iPhoneSimulator.Build.0 = Release|Any CPU
		{2F225BC1-2625-473C-B4EE-2B685F85B65D}.Release|iPhoneSimulator.Deploy.0 = Release|Any CPU
	EndGlobalSection
	GlobalSection(SolutionProperties) = preSolution
		HideSolutionNode = FALSE
	EndGlobalSection
	GlobalSection(ExtensibilityGlobals) = postSolution
		SolutionGuid = {3E80C7FD-09D2-4B3B-ADED-B6D3A1EEE50B}
	EndGlobalSection
EndGlobal
